{
    "version": 3,
    "terraform_version": "0.8.0",
    "serial": 25,
    "lineage": "c5666719-7afa-4a9e-95ae-37b8e5295e20",
    "modules": [
        {
            "path": [
                "root"
            ],
            "outputs": {},
            "resources": {
                "google_compute_firewall.default": {
                    "type": "google_compute_firewall",
                    "depends_on": [
                        "google_compute_network.default"
                    ],
                    "primary": {
                        "id": "fireball",
                        "attributes": {
                            "allow.#": "2",
                            "allow.1367131964.ports.#": "0",
                            "allow.1367131964.protocol": "icmp",
                            "allow.827249178.ports.#": "3",
                            "allow.827249178.ports.0": "22",
                            "allow.827249178.ports.1": "80",
                            "allow.827249178.ports.2": "443",
                            "allow.827249178.protocol": "tcp",
                            "description": "",
                            "id": "fireball",
                            "name": "fireball",
                            "network": "mare",
                            "project": "navium-151723",
                            "self_link": "https://www.googleapis.com/compute/v1/projects/navium-151723/global/firewalls/fireball",
                            "source_ranges.#": "1",
                            "source_ranges.1080289494": "0.0.0.0/0",
                            "source_tags.#": "0",
                            "target_tags.#": "0"
                        },
                        "meta": {
                            "schema_version": "1"
                        },
                        "tainted": false
                    },
                    "deposed": [],
                    "provider": ""
                },
                "google_compute_instance.navium.0": {
                    "type": "google_compute_instance",
                    "depends_on": [
                        "google_compute_subnetwork.default"
                    ],
                    "primary": {
                        "id": "navis-0",
                        "attributes": {
                            "can_ip_forward": "false",
                            "create_timeout": "4",
                            "disk.#": "1",
                            "disk.0.auto_delete": "true",
                            "disk.0.device_name": "",
                            "disk.0.disk": "",
                            "disk.0.image": "ubuntu-os-cloud/ubuntu-1604-lts",
                            "disk.0.scratch": "false",
                            "disk.0.size": "0",
                            "disk.0.type": "",
                            "id": "navis-0",
                            "machine_type": "f1-micro",
                            "metadata.%": "1",
                            "metadata.ssh-keys": "root:ssh-rsa AAAAB3NzaC1yc2EAAAADAQABAAABAQCvVh80Yrv1nvRUsNvaLNg6NoBeDBq7vHRUP8tbESNsnIFkfRbOty7XkG6cOLl/7e4pVhVN6jYqyIGMKtnUEmb3kDZXBZPN1Kj/dBHr+a7txMxNDF+5K/BndABH7n61sddojWQ3lt4JVwONKyUGRGRCSrTOcmmtUOo+BUNI4EySStdXY2RzproqshD1AQ58f+QvctojcKlWLaNPoFou5Wxb/d5NxitFkNDdHkuG80bOIFmm+rIW9K5z1S6fayvRjRWB7QZrEXNTCS4R+9TcK0BBDCz/rW7AnWa0rq+D6+8yU1PMmKAp/bGNoEPxPJAP5JcRQ4d/pRr50+wluWOjFrBP raviqqe@gmail.com\n",
                            "metadata_fingerprint": "Gs6yHqvSnEQ=",
                            "name": "navis-0",
                            "network.#": "0",
                            "network_interface.#": "1",
                            "network_interface.0.access_config.#": "1",
                            "network_interface.0.access_config.0.assigned_nat_ip": "35.184.67.104",
                            "network_interface.0.access_config.0.nat_ip": "",
                            "network_interface.0.address": "10.0.0.2",
                            "network_interface.0.name": "nic0",
                            "network_interface.0.network": "",
                            "network_interface.0.subnetwork": "caribbean",
                            "self_link": "https://www.googleapis.com/compute/v1/projects/navium-151723/zones/us-central1-a/instances/navis-0",
                            "service_account.#": "0",
                            "tags_fingerprint": "42WmSpB8rSM=",
                            "zone": "us-central1-a"
                        },
                        "meta": {
                            "schema_version": "2"
                        },
                        "tainted": false
                    },
                    "deposed": [],
                    "provider": ""
                },
                "google_compute_instance.navium.1": {
                    "type": "google_compute_instance",
                    "depends_on": [
                        "google_compute_subnetwork.default"
                    ],
                    "primary": {
                        "id": "navis-1",
                        "attributes": {
                            "can_ip_forward": "false",
                            "create_timeout": "4",
                            "disk.#": "1",
                            "disk.0.auto_delete": "true",
                            "disk.0.device_name": "",
                            "disk.0.disk": "",
                            "disk.0.image": "ubuntu-os-cloud/ubuntu-1604-lts",
                            "disk.0.scratch": "false",
                            "disk.0.size": "0",
                            "disk.0.type": "",
                            "id": "navis-1",
                            "machine_type": "f1-micro",
                            "metadata.%": "1",
                            "metadata.ssh-keys": "root:ssh-rsa AAAAB3NzaC1yc2EAAAADAQABAAABAQCvVh80Yrv1nvRUsNvaLNg6NoBeDBq7vHRUP8tbESNsnIFkfRbOty7XkG6cOLl/7e4pVhVN6jYqyIGMKtnUEmb3kDZXBZPN1Kj/dBHr+a7txMxNDF+5K/BndABH7n61sddojWQ3lt4JVwONKyUGRGRCSrTOcmmtUOo+BUNI4EySStdXY2RzproqshD1AQ58f+QvctojcKlWLaNPoFou5Wxb/d5NxitFkNDdHkuG80bOIFmm+rIW9K5z1S6fayvRjRWB7QZrEXNTCS4R+9TcK0BBDCz/rW7AnWa0rq+D6+8yU1PMmKAp/bGNoEPxPJAP5JcRQ4d/pRr50+wluWOjFrBP raviqqe@gmail.com\n",
                            "metadata_fingerprint": "Gs6yHqvSnEQ=",
                            "name": "navis-1",
                            "network.#": "0",
                            "network_interface.#": "1",
                            "network_interface.0.access_config.#": "1",
                            "network_interface.0.access_config.0.assigned_nat_ip": "104.198.212.25",
                            "network_interface.0.access_config.0.nat_ip": "",
                            "network_interface.0.address": "10.0.0.3",
                            "network_interface.0.name": "nic0",
                            "network_interface.0.network": "",
                            "network_interface.0.subnetwork": "caribbean",
                            "self_link": "https://www.googleapis.com/compute/v1/projects/navium-151723/zones/us-central1-a/instances/navis-1",
                            "service_account.#": "0",
                            "tags_fingerprint": "42WmSpB8rSM=",
                            "zone": "us-central1-a"
                        },
                        "meta": {
                            "schema_version": "2"
                        },
                        "tainted": false
                    },
                    "deposed": [],
                    "provider": ""
                },
                "google_compute_network.default": {
                    "type": "google_compute_network",
                    "depends_on": [],
                    "primary": {
                        "id": "mare",
                        "attributes": {
                            "gateway_ipv4": "",
                            "id": "mare",
                            "name": "mare",
                            "self_link": "https://www.googleapis.com/compute/v1/projects/navium-151723/global/networks/mare"
                        },
                        "meta": {},
                        "tainted": false
                    },
                    "deposed": [],
                    "provider": ""
                },
                "google_compute_subnetwork.default": {
                    "type": "google_compute_subnetwork",
                    "depends_on": [
                        "google_compute_network.default"
                    ],
                    "primary": {
                        "id": "us-central1/caribbean",
                        "attributes": {
                            "gateway_address": "10.0.0.1",
                            "id": "us-central1/caribbean",
                            "ip_cidr_range": "10.0.0.0/8",
                            "name": "caribbean",
                            "network": "https://www.googleapis.com/compute/v1/projects/navium-151723/global/networks/mare",
                            "self_link": "https://www.googleapis.com/compute/v1/projects/navium-151723/regions/us-central1/subnetworks/caribbean"
                        },
                        "meta": {},
                        "tainted": false
                    },
                    "deposed": [],
                    "provider": ""
                }
            },
            "depends_on": []
        }
    ]
}
