{
    "version": 3,
    "terraform_version": "0.8.0",
    "serial": 2,
    "lineage": "c5666719-7afa-4a9e-95ae-37b8e5295e20",
    "modules": [
        {
            "path": [
                "root"
            ],
            "outputs": {},
            "resources": {
                "google_compute_instance.navium.0": {
                    "type": "google_compute_instance",
                    "depends_on": [],
                    "primary": {
                        "id": "navis-0",
                        "attributes": {
                            "can_ip_forward": "false",
                            "create_timeout": "4",
                            "disk.#": "1",
                            "disk.0.auto_delete": "true",
                            "disk.0.device_name": "",
                            "disk.0.disk": "",
                            "disk.0.image": "ubuntu-os-cloud/ubuntu-1604-lts",
                            "disk.0.scratch": "false",
                            "disk.0.size": "0",
                            "disk.0.type": "",
                            "id": "navis-0",
                            "machine_type": "f1-micro",
                            "metadata.%": "1",
                            "metadata.ssh-keys": "root:ssh-rsa AAAAB3NzaC1yc2EAAAADAQABAAABAQC6ENffJ73cAq54JaAykzNhl/Sc7mQwcOANz2KamREWbL2dn+LwB8nSdPKnL5dv9Ib8ndf1AH3Gr95G7/VEm0SRLdStneunBxbXTFyZ9jYiMYJrQST7CVhfocNYV5rtmMNYCsLxrNEhGjRARIFF4/DBnnqj8IqAFwox0wyWWmKsKSci/uU+6QRcEv3+75VOf51dR7uZzsDVAoUCWLecmrlMJaGeAyoce4mat+IdHRTiMOEHNPIconCCX2OnJKlyRt1yY80eRLr+mG9GJTzPmMbF24PLKAiUq87PCB6JH9pTQBlxaogVYaA1Y6ZDmUYvNJO+Yq1mqZ6weibK/IiyCmzf raviqqe@nasicus.raviqqe.com\n",
                            "metadata_fingerprint": "kApZRFulpb8=",
                            "name": "navis-0",
                            "network.#": "0",
                            "network_interface.#": "1",
                            "network_interface.0.access_config.#": "1",
                            "network_interface.0.access_config.0.assigned_nat_ip": "130.211.191.129",
                            "network_interface.0.access_config.0.nat_ip": "",
                            "network_interface.0.address": "10.128.0.3",
                            "network_interface.0.name": "nic0",
                            "network_interface.0.network": "default",
                            "network_interface.0.subnetwork": "",
                            "self_link": "https://www.googleapis.com/compute/v1/projects/navium-151723/zones/us-central1-a/instances/navis-0",
                            "service_account.#": "0",
                            "tags_fingerprint": "42WmSpB8rSM=",
                            "zone": "us-central1-a"
                        },
                        "meta": {
                            "schema_version": "2"
                        },
                        "tainted": false
                    },
                    "deposed": [],
                    "provider": ""
                },
                "google_compute_instance.navium.1": {
                    "type": "google_compute_instance",
                    "depends_on": [],
                    "primary": {
                        "id": "navis-1",
                        "attributes": {
                            "can_ip_forward": "false",
                            "create_timeout": "4",
                            "disk.#": "1",
                            "disk.0.auto_delete": "true",
                            "disk.0.device_name": "",
                            "disk.0.disk": "",
                            "disk.0.image": "ubuntu-os-cloud/ubuntu-1604-lts",
                            "disk.0.scratch": "false",
                            "disk.0.size": "0",
                            "disk.0.type": "",
                            "id": "navis-1",
                            "machine_type": "f1-micro",
                            "metadata.%": "1",
                            "metadata.ssh-keys": "root:ssh-rsa AAAAB3NzaC1yc2EAAAADAQABAAABAQC6ENffJ73cAq54JaAykzNhl/Sc7mQwcOANz2KamREWbL2dn+LwB8nSdPKnL5dv9Ib8ndf1AH3Gr95G7/VEm0SRLdStneunBxbXTFyZ9jYiMYJrQST7CVhfocNYV5rtmMNYCsLxrNEhGjRARIFF4/DBnnqj8IqAFwox0wyWWmKsKSci/uU+6QRcEv3+75VOf51dR7uZzsDVAoUCWLecmrlMJaGeAyoce4mat+IdHRTiMOEHNPIconCCX2OnJKlyRt1yY80eRLr+mG9GJTzPmMbF24PLKAiUq87PCB6JH9pTQBlxaogVYaA1Y6ZDmUYvNJO+Yq1mqZ6weibK/IiyCmzf raviqqe@nasicus.raviqqe.com\n",
                            "metadata_fingerprint": "kApZRFulpb8=",
                            "name": "navis-1",
                            "network.#": "0",
                            "network_interface.#": "1",
                            "network_interface.0.access_config.#": "1",
                            "network_interface.0.access_config.0.assigned_nat_ip": "104.198.68.38",
                            "network_interface.0.access_config.0.nat_ip": "",
                            "network_interface.0.address": "10.128.0.2",
                            "network_interface.0.name": "nic0",
                            "network_interface.0.network": "default",
                            "network_interface.0.subnetwork": "",
                            "self_link": "https://www.googleapis.com/compute/v1/projects/navium-151723/zones/us-central1-a/instances/navis-1",
                            "service_account.#": "0",
                            "tags_fingerprint": "42WmSpB8rSM=",
                            "zone": "us-central1-a"
                        },
                        "meta": {
                            "schema_version": "2"
                        },
                        "tainted": false
                    },
                    "deposed": [],
                    "provider": ""
                }
            },
            "depends_on": []
        }
    ]
}
